
Microsoft Visual Studio Solution File, Format Version 12.00
# Visual Studio 14
VisualStudioVersion = 14.0.25420.1
MinimumVisualStudioVersion = 10.0.40219.1
Project("{FAE04EC0-301F-11D3-BF4B-00C04F79EFBC}") = "CalculoEngenharia", "CalculoEngenharia\CalculoEngenharia.csproj", "{79D4EC30-054E-4520-B8AE-99BE30164CD1}"
	ProjectSection(ProjectDependencies) = postProject
		{B88FC4AC-8CF7-4933-A31A-D3DA4B161577} = {B88FC4AC-8CF7-4933-A31A-D3DA4B161577}
	EndProjectSection
EndProject
Project("{FAE04EC0-301F-11D3-BF4B-00C04F79EFBC}") = "CESHP", "CESHP\CESHP.csproj", "{B88FC4AC-8CF7-4933-A31A-D3DA4B161577}"
EndProject
Project("{FAE04EC0-301F-11D3-BF4B-00C04F79EFBC}") = "CEGas", "CEGas\CEGas.csproj", "{906CCB57-4CF8-4B4C-918A-727D686DC313}"
EndProject
Project("{FAE04EC0-301F-11D3-BF4B-00C04F79EFBC}") = "CECF", "CECF\CECF.csproj", "{EDF4F203-3D8D-4854-84A7-551151A3B9FF}"
EndProject
Project("{6141683F-8A12-4E36-9623-2EB02B2C2303}") = "Setup", "Setup\Setup.isproj", "{5FE7DE28-2CB2-4378-893B-B158FDBD38C7}"
EndProject
Project("{FAE04EC0-301F-11D3-BF4B-00C04F79EFBC}") = "CEBiblioteca", "CEBiblioteca\CEBiblioteca.csproj", "{C84E2FC9-78CF-4902-89FE-3691A0E5C8B5}"
EndProject
Global
	GlobalSection(SolutionConfigurationPlatforms) = preSolution
		CD_ROM|Any CPU = CD_ROM|Any CPU
		Debug|Any CPU = Debug|Any CPU
		DVD-5|Any CPU = DVD-5|Any CPU
		Release|Any CPU = Release|Any CPU
		SingleImage|Any CPU = SingleImage|Any CPU
	EndGlobalSection
	GlobalSection(ProjectConfigurationPlatforms) = postSolution
		{79D4EC30-054E-4520-B8AE-99BE30164CD1}.CD_ROM|Any CPU.ActiveCfg = Release|Any CPU
		{79D4EC30-054E-4520-B8AE-99BE30164CD1}.CD_ROM|Any CPU.Build.0 = Release|Any CPU
		{79D4EC30-054E-4520-B8AE-99BE30164CD1}.Debug|Any CPU.ActiveCfg = Debug|Any CPU
		{79D4EC30-054E-4520-B8AE-99BE30164CD1}.Debug|Any CPU.Build.0 = Debug|Any CPU
		{79D4EC30-054E-4520-B8AE-99BE30164CD1}.DVD-5|Any CPU.ActiveCfg = Debug|Any CPU
		{79D4EC30-054E-4520-B8AE-99BE30164CD1}.DVD-5|Any CPU.Build.0 = Debug|Any CPU
		{79D4EC30-054E-4520-B8AE-99BE30164CD1}.Release|Any CPU.ActiveCfg = Release|Any CPU
		{79D4EC30-054E-4520-B8AE-99BE30164CD1}.Release|Any CPU.Build.0 = Release|Any CPU
		{79D4EC30-054E-4520-B8AE-99BE30164CD1}.SingleImage|Any CPU.ActiveCfg = Release|Any CPU
		{79D4EC30-054E-4520-B8AE-99BE30164CD1}.SingleImage|Any CPU.Build.0 = Release|Any CPU
		{B88FC4AC-8CF7-4933-A31A-D3DA4B161577}.CD_ROM|Any CPU.ActiveCfg = Release|Any CPU
		{B88FC4AC-8CF7-4933-A31A-D3DA4B161577}.CD_ROM|Any CPU.Build.0 = Release|Any CPU
		{B88FC4AC-8CF7-4933-A31A-D3DA4B161577}.Debug|Any CPU.ActiveCfg = Debug|Any CPU
		{B88FC4AC-8CF7-4933-A31A-D3DA4B161577}.Debug|Any CPU.Build.0 = Debug|Any CPU
		{B88FC4AC-8CF7-4933-A31A-D3DA4B161577}.DVD-5|Any CPU.ActiveCfg = Debug|Any CPU
		{B88FC4AC-8CF7-4933-A31A-D3DA4B161577}.DVD-5|Any CPU.Build.0 = Debug|Any CPU
		{B88FC4AC-8CF7-4933-A31A-D3DA4B161577}.Release|Any CPU.ActiveCfg = Release|Any CPU
		{B88FC4AC-8CF7-4933-A31A-D3DA4B161577}.Release|Any CPU.Build.0 = Release|Any CPU
		{B88FC4AC-8CF7-4933-A31A-D3DA4B161577}.SingleImage|Any CPU.ActiveCfg = Release|Any CPU
		{B88FC4AC-8CF7-4933-A31A-D3DA4B161577}.SingleImage|Any CPU.Build.0 = Release|Any CPU
		{906CCB57-4CF8-4B4C-918A-727D686DC313}.CD_ROM|Any CPU.ActiveCfg = Release|Any CPU
		{906CCB57-4CF8-4B4C-918A-727D686DC313}.CD_ROM|Any CPU.Build.0 = Release|Any CPU
		{906CCB57-4CF8-4B4C-918A-727D686DC313}.Debug|Any CPU.ActiveCfg = Debug|Any CPU
		{906CCB57-4CF8-4B4C-918A-727D686DC313}.Debug|Any CPU.Build.0 = Debug|Any CPU
		{906CCB57-4CF8-4B4C-918A-727D686DC313}.DVD-5|Any CPU.ActiveCfg = Debug|Any CPU
		{906CCB57-4CF8-4B4C-918A-727D686DC313}.DVD-5|Any CPU.Build.0 = Debug|Any CPU
		{906CCB57-4CF8-4B4C-918A-727D686DC313}.Release|Any CPU.ActiveCfg = Release|Any CPU
		{906CCB57-4CF8-4B4C-918A-727D686DC313}.Release|Any CPU.Build.0 = Release|Any CPU
		{906CCB57-4CF8-4B4C-918A-727D686DC313}.SingleImage|Any CPU.ActiveCfg = Release|Any CPU
		{906CCB57-4CF8-4B4C-918A-727D686DC313}.SingleImage|Any CPU.Build.0 = Release|Any CPU
		{EDF4F203-3D8D-4854-84A7-551151A3B9FF}.CD_ROM|Any CPU.ActiveCfg = Release|Any CPU
		{EDF4F203-3D8D-4854-84A7-551151A3B9FF}.CD_ROM|Any CPU.Build.0 = Release|Any CPU
		{EDF4F203-3D8D-4854-84A7-551151A3B9FF}.Debug|Any CPU.ActiveCfg = Debug|Any CPU
		{EDF4F203-3D8D-4854-84A7-551151A3B9FF}.Debug|Any CPU.Build.0 = Debug|Any CPU
		{EDF4F203-3D8D-4854-84A7-551151A3B9FF}.DVD-5|Any CPU.ActiveCfg = Debug|Any CPU
		{EDF4F203-3D8D-4854-84A7-551151A3B9FF}.DVD-5|Any CPU.Build.0 = Debug|Any CPU
		{EDF4F203-3D8D-4854-84A7-551151A3B9FF}.Release|Any CPU.ActiveCfg = Release|Any CPU
		{EDF4F203-3D8D-4854-84A7-551151A3B9FF}.Release|Any CPU.Build.0 = Release|Any CPU
		{EDF4F203-3D8D-4854-84A7-551151A3B9FF}.SingleImage|Any CPU.ActiveCfg = Release|Any CPU
		{EDF4F203-3D8D-4854-84A7-551151A3B9FF}.SingleImage|Any CPU.Build.0 = Release|Any CPU
		{5FE7DE28-2CB2-4378-893B-B158FDBD38C7}.CD_ROM|Any CPU.ActiveCfg = CD_ROM
		{5FE7DE28-2CB2-4378-893B-B158FDBD38C7}.CD_ROM|Any CPU.Build.0 = CD_ROM
		{5FE7DE28-2CB2-4378-893B-B158FDBD38C7}.Debug|Any CPU.ActiveCfg = DVD-5
		{5FE7DE28-2CB2-4378-893B-B158FDBD38C7}.Debug|Any CPU.Build.0 = DVD-5
		{5FE7DE28-2CB2-4378-893B-B158FDBD38C7}.DVD-5|Any CPU.ActiveCfg = DVD-5
		{5FE7DE28-2CB2-4378-893B-B158FDBD38C7}.DVD-5|Any CPU.Build.0 = DVD-5
		{5FE7DE28-2CB2-4378-893B-B158FDBD38C7}.Release|Any CPU.ActiveCfg = SingleImage
		{5FE7DE28-2CB2-4378-893B-B158FDBD38C7}.Release|Any CPU.Build.0 = SingleImage
		{5FE7DE28-2CB2-4378-893B-B158FDBD38C7}.SingleImage|Any CPU.ActiveCfg = SingleImage
		{5FE7DE28-2CB2-4378-893B-B158FDBD38C7}.SingleImage|Any CPU.Build.0 = SingleImage
		{C84E2FC9-78CF-4902-89FE-3691A0E5C8B5}.CD_ROM|Any CPU.ActiveCfg = Release|Any CPU
		{C84E2FC9-78CF-4902-89FE-3691A0E5C8B5}.CD_ROM|Any CPU.Build.0 = Release|Any CPU
		{C84E2FC9-78CF-4902-89FE-3691A0E5C8B5}.Debug|Any CPU.ActiveCfg = Debug|Any CPU
		{C84E2FC9-78CF-4902-89FE-3691A0E5C8B5}.Debug|Any CPU.Build.0 = Debug|Any CPU
		{C84E2FC9-78CF-4902-89FE-3691A0E5C8B5}.DVD-5|Any CPU.ActiveCfg = Debug|Any CPU
		{C84E2FC9-78CF-4902-89FE-3691A0E5C8B5}.DVD-5|Any CPU.Build.0 = Debug|Any CPU
		{C84E2FC9-78CF-4902-89FE-3691A0E5C8B5}.Release|Any CPU.ActiveCfg = Release|Any CPU
		{C84E2FC9-78CF-4902-89FE-3691A0E5C8B5}.Release|Any CPU.Build.0 = Release|Any CPU
		{C84E2FC9-78CF-4902-89FE-3691A0E5C8B5}.SingleImage|Any CPU.ActiveCfg = Release|Any CPU
		{C84E2FC9-78CF-4902-89FE-3691A0E5C8B5}.SingleImage|Any CPU.Build.0 = Release|Any CPU
	EndGlobalSection
	GlobalSection(SolutionProperties) = preSolution
		HideSolutionNode = FALSE
	EndGlobalSection
EndGlobal
